
Microsoft Visual Studio Solution File, Format Version 12.00
# Visual Studio Version 17
VisualStudioVersion = 17.0.32014.148
MinimumVisualStudioVersion = 10.0.40219.1
Project("{9A19103F-16F7-4668-BE54-9A1E7A4F7556}") = "Academy.Domain.Tests", "Academy.Domain.Tests\Academy.Domain.Tests.csproj", "{6B5472BC-5229-4C02-8391-16C6A42F38C5}"
EndProject
Project("{FAE04EC0-301F-11D3-BF4B-00C04F79EFBC}") = "Academy.Domain", "Academy.Domain\Academy.Domain.csproj", "{FCB65B1F-53C5-423A-9E39-64D5FC246612}"
EndProject
Global
	GlobalSection(SolutionConfigurationPlatforms) = preSolution
		Debug|Any CPU = Debug|Any CPU
		Release|Any CPU = Release|Any CPU
	EndGlobalSection
	GlobalSection(ProjectConfigurationPlatforms) = postSolution
		{6B5472BC-5229-4C02-8391-16C6A42F38C5}.Debug|Any CPU.ActiveCfg = Debug|Any CPU
		{6B5472BC-5229-4C02-8391-16C6A42F38C5}.Debug|Any CPU.Build.0 = Debug|Any CPU
		{6B5472BC-5229-4C02-8391-16C6A42F38C5}.Release|Any CPU.ActiveCfg = Release|Any CPU
		{6B5472BC-5229-4C02-8391-16C6A42F38C5}.Release|Any CPU.Build.0 = Release|Any CPU
		{FCB65B1F-53C5-423A-9E39-64D5FC246612}.Debug|Any CPU.ActiveCfg = Debug|Any CPU
		{FCB65B1F-53C5-423A-9E39-64D5FC246612}.Debug|Any CPU.Build.0 = Debug|Any CPU
		{FCB65B1F-53C5-423A-9E39-64D5FC246612}.Release|Any CPU.ActiveCfg = Release|Any CPU
		{FCB65B1F-53C5-423A-9E39-64D5FC246612}.Release|Any CPU.Build.0 = Release|Any CPU
	EndGlobalSection
	GlobalSection(SolutionProperties) = preSolution
		HideSolutionNode = FALSE
	EndGlobalSection
	GlobalSection(ExtensibilityGlobals) = postSolution
		SolutionGuid = {4135D62D-759A-4E1D-A3CB-92DCA82CCD71}
	EndGlobalSection
EndGlobal
