
Microsoft Visual Studio Solution File, Format Version 12.00
# Visual Studio Version 17
VisualStudioVersion = 17.0.32014.148
MinimumVisualStudioVersion = 10.0.40219.1
Project("{9A19103F-16F7-4668-BE54-9A1E7A4F7556}") = "Academy.Domain.Tests.Unit", "Academy.Domain.Tests\Academy.Domain.Tests.Unit.csproj", "{6B5472BC-5229-4C02-8391-16C6A42F38C5}"
EndProject
Project("{9A19103F-16F7-4668-BE54-9A1E7A4F7556}") = "Academy.Domain", "Academy.Domain\Academy.Domain.csproj", "{FCB65B1F-53C5-423A-9E39-64D5FC246612}"
EndProject
Project("{2150E333-8FDC-42A3-9474-1A3956D46DE8}") = "Solution Items", "Solution Items", "{A11793AF-1D89-48FD-8110-270299EF5E7F}"
	ProjectSection(SolutionItems) = preProject
		Depended On Component.txt = Depended On Component.txt
		PhaseOfTestMethod.txt = PhaseOfTestMethod.txt
		SetupFixtures.txt = SetupFixtures.txt
		Test Doubles.txt = Test Doubles.txt
		TestQualityAttributes.txt = TestQualityAttributes.txt
	EndProjectSection
EndProject
Project("{9A19103F-16F7-4668-BE54-9A1E7A4F7556}") = "Academy.Infrastructure.Tests.Unit", "Academy.Infrastructure.Tests.Unit\Academy.Infrastructure.Tests.Unit.csproj", "{0B3394EC-5734-4D3B-AD5C-A50974A1EE7A}"
EndProject
Project("{2150E333-8FDC-42A3-9474-1A3956D46DE8}") = "src", "src", "{8E21A13B-A605-45E1-9E99-91376AC4306A}"
EndProject
Project("{2150E333-8FDC-42A3-9474-1A3956D46DE8}") = "tests", "tests", "{C26A5AC4-8EDA-47E2-957A-9B8F8AD58C21}"
EndProject
Project("{9A19103F-16F7-4668-BE54-9A1E7A4F7556}") = "Academy.Infrastructure", "Academy.Infrastructure\Academy.Infrastructure.csproj", "{140D4641-930F-47B0-B9AC-270BB95E7AC0}"
EndProject
Project("{9A19103F-16F7-4668-BE54-9A1E7A4F7556}") = "Academy.Application.Tests.Unit", "Academy.Application.Tests.Unit\Academy.Application.Tests.Unit.csproj", "{C28EC919-A749-45CE-8B6B-0F7807700654}"
EndProject
Project("{9A19103F-16F7-4668-BE54-9A1E7A4F7556}") = "Academy.Application", "Academy.Application\Academy.Application.csproj", "{06240113-A190-44D9-BA57-8E74CF894526}"
EndProject
Global
	GlobalSection(SolutionConfigurationPlatforms) = preSolution
		Debug|Any CPU = Debug|Any CPU
		Release|Any CPU = Release|Any CPU
	EndGlobalSection
	GlobalSection(ProjectConfigurationPlatforms) = postSolution
		{6B5472BC-5229-4C02-8391-16C6A42F38C5}.Debug|Any CPU.ActiveCfg = Debug|Any CPU
		{6B5472BC-5229-4C02-8391-16C6A42F38C5}.Debug|Any CPU.Build.0 = Debug|Any CPU
		{6B5472BC-5229-4C02-8391-16C6A42F38C5}.Release|Any CPU.ActiveCfg = Release|Any CPU
		{6B5472BC-5229-4C02-8391-16C6A42F38C5}.Release|Any CPU.Build.0 = Release|Any CPU
		{FCB65B1F-53C5-423A-9E39-64D5FC246612}.Debug|Any CPU.ActiveCfg = Debug|Any CPU
		{FCB65B1F-53C5-423A-9E39-64D5FC246612}.Debug|Any CPU.Build.0 = Debug|Any CPU
		{FCB65B1F-53C5-423A-9E39-64D5FC246612}.Release|Any CPU.ActiveCfg = Release|Any CPU
		{FCB65B1F-53C5-423A-9E39-64D5FC246612}.Release|Any CPU.Build.0 = Release|Any CPU
		{0B3394EC-5734-4D3B-AD5C-A50974A1EE7A}.Debug|Any CPU.ActiveCfg = Debug|Any CPU
		{0B3394EC-5734-4D3B-AD5C-A50974A1EE7A}.Debug|Any CPU.Build.0 = Debug|Any CPU
		{0B3394EC-5734-4D3B-AD5C-A50974A1EE7A}.Release|Any CPU.ActiveCfg = Release|Any CPU
		{0B3394EC-5734-4D3B-AD5C-A50974A1EE7A}.Release|Any CPU.Build.0 = Release|Any CPU
		{140D4641-930F-47B0-B9AC-270BB95E7AC0}.Debug|Any CPU.ActiveCfg = Debug|Any CPU
		{140D4641-930F-47B0-B9AC-270BB95E7AC0}.Debug|Any CPU.Build.0 = Debug|Any CPU
		{140D4641-930F-47B0-B9AC-270BB95E7AC0}.Release|Any CPU.ActiveCfg = Release|Any CPU
		{140D4641-930F-47B0-B9AC-270BB95E7AC0}.Release|Any CPU.Build.0 = Release|Any CPU
		{C28EC919-A749-45CE-8B6B-0F7807700654}.Debug|Any CPU.ActiveCfg = Debug|Any CPU
		{C28EC919-A749-45CE-8B6B-0F7807700654}.Debug|Any CPU.Build.0 = Debug|Any CPU
		{C28EC919-A749-45CE-8B6B-0F7807700654}.Release|Any CPU.ActiveCfg = Release|Any CPU
		{C28EC919-A749-45CE-8B6B-0F7807700654}.Release|Any CPU.Build.0 = Release|Any CPU
		{06240113-A190-44D9-BA57-8E74CF894526}.Debug|Any CPU.ActiveCfg = Debug|Any CPU
		{06240113-A190-44D9-BA57-8E74CF894526}.Debug|Any CPU.Build.0 = Debug|Any CPU
		{06240113-A190-44D9-BA57-8E74CF894526}.Release|Any CPU.ActiveCfg = Release|Any CPU
		{06240113-A190-44D9-BA57-8E74CF894526}.Release|Any CPU.Build.0 = Release|Any CPU
	EndGlobalSection
	GlobalSection(SolutionProperties) = preSolution
		HideSolutionNode = FALSE
	EndGlobalSection
	GlobalSection(NestedProjects) = preSolution
		{6B5472BC-5229-4C02-8391-16C6A42F38C5} = {C26A5AC4-8EDA-47E2-957A-9B8F8AD58C21}
		{FCB65B1F-53C5-423A-9E39-64D5FC246612} = {8E21A13B-A605-45E1-9E99-91376AC4306A}
		{0B3394EC-5734-4D3B-AD5C-A50974A1EE7A} = {C26A5AC4-8EDA-47E2-957A-9B8F8AD58C21}
		{140D4641-930F-47B0-B9AC-270BB95E7AC0} = {8E21A13B-A605-45E1-9E99-91376AC4306A}
		{C28EC919-A749-45CE-8B6B-0F7807700654} = {C26A5AC4-8EDA-47E2-957A-9B8F8AD58C21}
		{06240113-A190-44D9-BA57-8E74CF894526} = {8E21A13B-A605-45E1-9E99-91376AC4306A}
	EndGlobalSection
	GlobalSection(ExtensibilityGlobals) = postSolution
		SolutionGuid = {4135D62D-759A-4E1D-A3CB-92DCA82CCD71}
	EndGlobalSection
EndGlobal
